Microsoft Visual Studio Solution File, Format Version 8.00
Project("{8BC9CEB8-8B4A-11D0-8D11-00A0C91BC942}") = "morse", "morse.vcproj", "{466085FF-0913-4C76-9EFA-D7B57F0F9994}"
	ProjectSection(ProjectDependencies) = postProject
	EndProjectSection
EndProject
Global
	GlobalSection(SolutionConfiguration) = preSolution
		Debug = Debug
		Release = Release
	EndGlobalSection
	GlobalSection(ProjectConfiguration) = postSolution
		{466085FF-0913-4C76-9EFA-D7B57F0F9994}.Debug.ActiveCfg = Debug|Win32
		{466085FF-0913-4C76-9EFA-D7B57F0F9994}.Debug.Build.0 = Debug|Win32
		{466085FF-0913-4C76-9EFA-D7B57F0F9994}.Release.ActiveCfg = Release|Win32
		{466085FF-0913-4C76-9EFA-D7B57F0F9994}.Release.Build.0 = Release|Win32
	EndGlobalSection
	GlobalSection(ExtensibilityGlobals) = postSolution
	EndGlobalSection
	GlobalSection(ExtensibilityAddIns) = postSolution
	EndGlobalSection
EndGlobal
