Microsoft Visual Studio Solution File, Format Version 7.00
Project("{8BC9CEB8-8B4A-11D0-8D11-00A0C91BC942}") = "OpenGL", "OpenGL.vcproj", "{99D3AEF5-AA8A-43D7-9957-8FDC67487006}"
EndProject
Project("{8BC9CEB8-8B4A-11D0-8D11-00A0C91BC942}") = "Lesson02", "Lesson02\Lesson02.vcproj", "{0019F688-9E77-4670-A70F-10051C9F9313}"
EndProject
Project("{8BC9CEB8-8B4A-11D0-8D11-00A0C91BC942}") = "Lesson03", "Lesson03\Lesson03.vcproj", "{B9819C6E-8027-4151-9D9B-5B0876FA4062}"
EndProject
Project("{8BC9CEB8-8B4A-11D0-8D11-00A0C91BC942}") = "Lesson04", "Lesson04\Lesson04.vcproj", "{8D848884-A620-429D-AADA-CE45AD224AB0}"
EndProject
Project("{8BC9CEB8-8B4A-11D0-8D11-00A0C91BC942}") = "Lesson05", "Lesson05\Lesson05.vcproj", "{29B3B212-80EC-4F06-8BD2-71F9E820D343}"
EndProject
Project("{8BC9CEB8-8B4A-11D0-8D11-00A0C91BC942}") = "Lesson06", "Lesson06\Lesson06.vcproj", "{437ECA2E-C294-4291-8408-CC00A312EEB9}"
EndProject
Project("{8BC9CEB8-8B4A-11D0-8D11-00A0C91BC942}") = "Lesson07", "Lesson07\Lesson07.vcproj", "{28D6BAD5-0684-49C4-BE3B-C00DA28FCA0F}"
EndProject
Project("{8BC9CEB8-8B4A-11D0-8D11-00A0C91BC942}") = "Lesson08", "Lesson08\Lesson08.vcproj", "{14461CBC-034A-4BE7-A21B-E0E3280F4788}"
EndProject
Project("{8BC9CEB8-8B4A-11D0-8D11-00A0C91BC942}") = "Lesson09", "Lesson09\Lesson09.vcproj", "{A1932784-CD03-49E6-8127-7479653857FB}"
EndProject
Project("{8BC9CEB8-8B4A-11D0-8D11-00A0C91BC942}") = "Lesson10", "Lesson10\Lesson10.vcproj", "{9260FF15-3669-411B-A94F-3CB9F660BF62}"
EndProject
Project("{8BC9CEB8-8B4A-11D0-8D11-00A0C91BC942}") = "Lesson11", "Lesson11\Lesson11.vcproj", "{40FC7CBE-A796-4A7E-B841-1D889ACA81D8}"
EndProject
Project("{8BC9CEB8-8B4A-11D0-8D11-00A0C91BC942}") = "Lesson12", "Lesson12\Lesson12.vcproj", "{C46C782C-958B-4212-A5AA-174DC0C964C0}"
EndProject
Project("{8BC9CEB8-8B4A-11D0-8D11-00A0C91BC942}") = "Lesson13", "Lesson13\Lesson13.vcproj", "{AF6FC47F-08E9-447C-BBE1-FFAAD8C692B3}"
EndProject
Project("{8BC9CEB8-8B4A-11D0-8D11-00A0C91BC942}") = "Lesson14", "Lesson14\Lesson14.vcproj", "{FB52449C-6D09-4449-BFB5-483F7B795A7D}"
EndProject
Project("{8BC9CEB8-8B4A-11D0-8D11-00A0C91BC942}") = "Lesson15", "Lesson15\Lesson15.vcproj", "{13F87A02-E0B1-442F-AD0B-2E068E7195B2}"
EndProject
Project("{8BC9CEB8-8B4A-11D0-8D11-00A0C91BC942}") = "Lesson16", "Lesson16\Lesson16.vcproj", "{E99B6C8D-65DB-48E4-A509-FAEE916CF621}"
EndProject
Project("{8BC9CEB8-8B4A-11D0-8D11-00A0C91BC942}") = "Lesson17", "Lesson17\Lesson17.vcproj", "{D5BCF48F-5BDD-4E95-8E7F-055D143179CB}"
EndProject
Project("{8BC9CEB8-8B4A-11D0-8D11-00A0C91BC942}") = "Lesson18", "Lesson18\Lesson18.vcproj", "{5D12CC8F-4BB8-495C-97E3-95F8503AA01F}"
EndProject
Project("{8BC9CEB8-8B4A-11D0-8D11-00A0C91BC942}") = "Lesson19", "Lesson19\Lesson19.vcproj", "{0ADCDC9B-04C0-4BA1-91F0-C2C6AFB53A39}"
EndProject
Project("{8BC9CEB8-8B4A-11D0-8D11-00A0C91BC942}") = "Lesson20", "Lesson20\Lesson20.vcproj", "{A3BFDF6B-02DB-47FC-B05D-902BE909FF72}"
EndProject
Global
	GlobalSection(SolutionConfiguration) = preSolution
		ConfigName.0 = Debug
		ConfigName.1 = Release
	EndGlobalSection
	GlobalSection(ProjectDependencies) = postSolution
	EndGlobalSection
	GlobalSection(ProjectConfiguration) = postSolution
		{99D3AEF5-AA8A-43D7-9957-8FDC67487006}.Debug.ActiveCfg = Debug|Win32
		{99D3AEF5-AA8A-43D7-9957-8FDC67487006}.Debug.Build.0 = Debug|Win32
		{99D3AEF5-AA8A-43D7-9957-8FDC67487006}.Release.ActiveCfg = Release|Win32
		{99D3AEF5-AA8A-43D7-9957-8FDC67487006}.Release.Build.0 = Release|Win32
		{0019F688-9E77-4670-A70F-10051C9F9313}.Debug.ActiveCfg = Debug|Win32
		{0019F688-9E77-4670-A70F-10051C9F9313}.Debug.Build.0 = Debug|Win32
		{0019F688-9E77-4670-A70F-10051C9F9313}.Release.ActiveCfg = Release|Win32
		{0019F688-9E77-4670-A70F-10051C9F9313}.Release.Build.0 = Release|Win32
		{B9819C6E-8027-4151-9D9B-5B0876FA4062}.Debug.ActiveCfg = Debug|Win32
		{B9819C6E-8027-4151-9D9B-5B0876FA4062}.Debug.Build.0 = Debug|Win32
		{B9819C6E-8027-4151-9D9B-5B0876FA4062}.Release.ActiveCfg = Release|Win32
		{B9819C6E-8027-4151-9D9B-5B0876FA4062}.Release.Build.0 = Release|Win32
		{8D848884-A620-429D-AADA-CE45AD224AB0}.Debug.ActiveCfg = Debug|Win32
		{8D848884-A620-429D-AADA-CE45AD224AB0}.Debug.Build.0 = Debug|Win32
		{8D848884-A620-429D-AADA-CE45AD224AB0}.Release.ActiveCfg = Release|Win32
		{8D848884-A620-429D-AADA-CE45AD224AB0}.Release.Build.0 = Release|Win32
		{29B3B212-80EC-4F06-8BD2-71F9E820D343}.Debug.ActiveCfg = Debug|Win32
		{29B3B212-80EC-4F06-8BD2-71F9E820D343}.Debug.Build.0 = Debug|Win32
		{29B3B212-80EC-4F06-8BD2-71F9E820D343}.Release.ActiveCfg = Release|Win32
		{29B3B212-80EC-4F06-8BD2-71F9E820D343}.Release.Build.0 = Release|Win32
		{437ECA2E-C294-4291-8408-CC00A312EEB9}.Debug.ActiveCfg = Debug|Win32
		{437ECA2E-C294-4291-8408-CC00A312EEB9}.Debug.Build.0 = Debug|Win32
		{437ECA2E-C294-4291-8408-CC00A312EEB9}.Release.ActiveCfg = Release|Win32
		{437ECA2E-C294-4291-8408-CC00A312EEB9}.Release.Build.0 = Release|Win32
		{28D6BAD5-0684-49C4-BE3B-C00DA28FCA0F}.Debug.ActiveCfg = Debug|Win32
		{28D6BAD5-0684-49C4-BE3B-C00DA28FCA0F}.Debug.Build.0 = Debug|Win32
		{28D6BAD5-0684-49C4-BE3B-C00DA28FCA0F}.Release.ActiveCfg = Release|Win32
		{28D6BAD5-0684-49C4-BE3B-C00DA28FCA0F}.Release.Build.0 = Release|Win32
		{14461CBC-034A-4BE7-A21B-E0E3280F4788}.Debug.ActiveCfg = Debug|Win32
		{14461CBC-034A-4BE7-A21B-E0E3280F4788}.Debug.Build.0 = Debug|Win32
		{14461CBC-034A-4BE7-A21B-E0E3280F4788}.Release.ActiveCfg = Release|Win32
		{14461CBC-034A-4BE7-A21B-E0E3280F4788}.Release.Build.0 = Release|Win32
		{A1932784-CD03-49E6-8127-7479653857FB}.Debug.ActiveCfg = Debug|Win32
		{A1932784-CD03-49E6-8127-7479653857FB}.Debug.Build.0 = Debug|Win32
		{A1932784-CD03-49E6-8127-7479653857FB}.Release.ActiveCfg = Release|Win32
		{A1932784-CD03-49E6-8127-7479653857FB}.Release.Build.0 = Release|Win32
		{9260FF15-3669-411B-A94F-3CB9F660BF62}.Debug.ActiveCfg = Debug|Win32
		{9260FF15-3669-411B-A94F-3CB9F660BF62}.Debug.Build.0 = Debug|Win32
		{9260FF15-3669-411B-A94F-3CB9F660BF62}.Release.ActiveCfg = Release|Win32
		{9260FF15-3669-411B-A94F-3CB9F660BF62}.Release.Build.0 = Release|Win32
		{40FC7CBE-A796-4A7E-B841-1D889ACA81D8}.Debug.ActiveCfg = Debug|Win32
		{40FC7CBE-A796-4A7E-B841-1D889ACA81D8}.Debug.Build.0 = Debug|Win32
		{40FC7CBE-A796-4A7E-B841-1D889ACA81D8}.Release.ActiveCfg = Release|Win32
		{40FC7CBE-A796-4A7E-B841-1D889ACA81D8}.Release.Build.0 = Release|Win32
		{C46C782C-958B-4212-A5AA-174DC0C964C0}.Debug.ActiveCfg = Debug|Win32
		{C46C782C-958B-4212-A5AA-174DC0C964C0}.Debug.Build.0 = Debug|Win32
		{C46C782C-958B-4212-A5AA-174DC0C964C0}.Release.ActiveCfg = Release|Win32
		{C46C782C-958B-4212-A5AA-174DC0C964C0}.Release.Build.0 = Release|Win32
		{AF6FC47F-08E9-447C-BBE1-FFAAD8C692B3}.Debug.ActiveCfg = Debug|Win32
		{AF6FC47F-08E9-447C-BBE1-FFAAD8C692B3}.Debug.Build.0 = Debug|Win32
		{AF6FC47F-08E9-447C-BBE1-FFAAD8C692B3}.Release.ActiveCfg = Release|Win32
		{AF6FC47F-08E9-447C-BBE1-FFAAD8C692B3}.Release.Build.0 = Release|Win32
		{FB52449C-6D09-4449-BFB5-483F7B795A7D}.Debug.ActiveCfg = Debug|Win32
		{FB52449C-6D09-4449-BFB5-483F7B795A7D}.Debug.Build.0 = Debug|Win32
		{FB52449C-6D09-4449-BFB5-483F7B795A7D}.Release.ActiveCfg = Release|Win32
		{FB52449C-6D09-4449-BFB5-483F7B795A7D}.Release.Build.0 = Release|Win32
		{13F87A02-E0B1-442F-AD0B-2E068E7195B2}.Debug.ActiveCfg = Debug|Win32
		{13F87A02-E0B1-442F-AD0B-2E068E7195B2}.Debug.Build.0 = Debug|Win32
		{13F87A02-E0B1-442F-AD0B-2E068E7195B2}.Release.ActiveCfg = Release|Win32
		{13F87A02-E0B1-442F-AD0B-2E068E7195B2}.Release.Build.0 = Release|Win32
		{E99B6C8D-65DB-48E4-A509-FAEE916CF621}.Debug.ActiveCfg = Debug|Win32
		{E99B6C8D-65DB-48E4-A509-FAEE916CF621}.Debug.Build.0 = Debug|Win32
		{E99B6C8D-65DB-48E4-A509-FAEE916CF621}.Release.ActiveCfg = Release|Win32
		{E99B6C8D-65DB-48E4-A509-FAEE916CF621}.Release.Build.0 = Release|Win32
		{D5BCF48F-5BDD-4E95-8E7F-055D143179CB}.Debug.ActiveCfg = Debug|Win32
		{D5BCF48F-5BDD-4E95-8E7F-055D143179CB}.Debug.Build.0 = Debug|Win32
		{D5BCF48F-5BDD-4E95-8E7F-055D143179CB}.Release.ActiveCfg = Release|Win32
		{D5BCF48F-5BDD-4E95-8E7F-055D143179CB}.Release.Build.0 = Release|Win32
		{5D12CC8F-4BB8-495C-97E3-95F8503AA01F}.Debug.ActiveCfg = Debug|Win32
		{5D12CC8F-4BB8-495C-97E3-95F8503AA01F}.Debug.Build.0 = Debug|Win32
		{5D12CC8F-4BB8-495C-97E3-95F8503AA01F}.Release.ActiveCfg = Release|Win32
		{5D12CC8F-4BB8-495C-97E3-95F8503AA01F}.Release.Build.0 = Release|Win32
		{0ADCDC9B-04C0-4BA1-91F0-C2C6AFB53A39}.Debug.ActiveCfg = Debug|Win32
		{0ADCDC9B-04C0-4BA1-91F0-C2C6AFB53A39}.Debug.Build.0 = Debug|Win32
		{0ADCDC9B-04C0-4BA1-91F0-C2C6AFB53A39}.Release.ActiveCfg = Release|Win32
		{0ADCDC9B-04C0-4BA1-91F0-C2C6AFB53A39}.Release.Build.0 = Release|Win32
		{A3BFDF6B-02DB-47FC-B05D-902BE909FF72}.Debug.ActiveCfg = Debug|Win32
		{A3BFDF6B-02DB-47FC-B05D-902BE909FF72}.Debug.Build.0 = Debug|Win32
		{A3BFDF6B-02DB-47FC-B05D-902BE909FF72}.Release.ActiveCfg = Release|Win32
		{A3BFDF6B-02DB-47FC-B05D-902BE909FF72}.Release.Build.0 = Release|Win32
	EndGlobalSection
	GlobalSection(ExtensibilityGlobals) = postSolution
	EndGlobalSection
	GlobalSection(ExtensibilityAddIns) = postSolution
	EndGlobalSection
EndGlobal
