
Microsoft Visual Studio Solution File, Format Version 10.00
# Visual Studio 2008
Project("{8BC9CEB8-8B4A-11D0-8D11-00A0C91BC942}") = "LapLogger", "LapLogger\LapLogger.vcproj", "{B974E65B-A24B-491D-B4FE-8338F73C685D}"
EndProject
Project("{8BC9CEB8-8B4A-11D0-8D11-00A0C91BC942}") = "Test", "Test\Test.vcproj", "{8632E6F0-BE5C-4D7A-A4D4-AC2D41901A95}"
EndProject
Global
	GlobalSection(SolutionConfigurationPlatforms) = preSolution
		Debug|Win32 = Debug|Win32
		Release|Win32 = Release|Win32
	EndGlobalSection
	GlobalSection(ProjectConfigurationPlatforms) = postSolution
		{B974E65B-A24B-491D-B4FE-8338F73C685D}.Debug|Win32.ActiveCfg = Debug|Win32
		{B974E65B-A24B-491D-B4FE-8338F73C685D}.Debug|Win32.Build.0 = Debug|Win32
		{B974E65B-A24B-491D-B4FE-8338F73C685D}.Release|Win32.ActiveCfg = Release|Win32
		{B974E65B-A24B-491D-B4FE-8338F73C685D}.Release|Win32.Build.0 = Release|Win32
		{8632E6F0-BE5C-4D7A-A4D4-AC2D41901A95}.Debug|Win32.ActiveCfg = Debug|Win32
		{8632E6F0-BE5C-4D7A-A4D4-AC2D41901A95}.Debug|Win32.Build.0 = Debug|Win32
		{8632E6F0-BE5C-4D7A-A4D4-AC2D41901A95}.Release|Win32.ActiveCfg = Release|Win32
		{8632E6F0-BE5C-4D7A-A4D4-AC2D41901A95}.Release|Win32.Build.0 = Release|Win32
	EndGlobalSection
	GlobalSection(SolutionProperties) = preSolution
		HideSolutionNode = FALSE
	EndGlobalSection
EndGlobal
